
Microsoft Visual Studio Solution File, Format Version 12.00
# Visual Studio Version 17
VisualStudioVersion = 17.8.34330.188
MinimumVisualStudioVersion = 10.0.40219.1
Project("{FAE04EC0-301F-11D3-BF4B-00C04F79EFBC}") = "EF_Lab1", "EF_Lab1\EF_Lab1.csproj", "{E8B09B05-3A76-4CC9-9EDC-F608E24B1E51}"
EndProject
Project("{FAE04EC0-301F-11D3-BF4B-00C04F79EFBC}") = "EF_Lab1.DLL", "EF_Lab1.DLL\EF_Lab1.DLL.csproj", "{CAC0E6B4-6015-4FA9-8D3A-C80F71DBD6A3}"
EndProject
Global
	GlobalSection(SolutionConfigurationPlatforms) = preSolution
		Debug|Any CPU = Debug|Any CPU
		Release|Any CPU = Release|Any CPU
	EndGlobalSection
	GlobalSection(ProjectConfigurationPlatforms) = postSolution
		{E8B09B05-3A76-4CC9-9EDC-F608E24B1E51}.Debug|Any CPU.ActiveCfg = Debug|Any CPU
		{E8B09B05-3A76-4CC9-9EDC-F608E24B1E51}.Debug|Any CPU.Build.0 = Debug|Any CPU
		{E8B09B05-3A76-4CC9-9EDC-F608E24B1E51}.Release|Any CPU.ActiveCfg = Release|Any CPU
		{E8B09B05-3A76-4CC9-9EDC-F608E24B1E51}.Release|Any CPU.Build.0 = Release|Any CPU
		{CAC0E6B4-6015-4FA9-8D3A-C80F71DBD6A3}.Debug|Any CPU.ActiveCfg = Debug|Any CPU
		{CAC0E6B4-6015-4FA9-8D3A-C80F71DBD6A3}.Debug|Any CPU.Build.0 = Debug|Any CPU
		{CAC0E6B4-6015-4FA9-8D3A-C80F71DBD6A3}.Release|Any CPU.ActiveCfg = Release|Any CPU
		{CAC0E6B4-6015-4FA9-8D3A-C80F71DBD6A3}.Release|Any CPU.Build.0 = Release|Any CPU
	EndGlobalSection
	GlobalSection(SolutionProperties) = preSolution
		HideSolutionNode = FALSE
	EndGlobalSection
	GlobalSection(ExtensibilityGlobals) = postSolution
		SolutionGuid = {70731E18-4A5E-4097-811D-BF67B211A951}
	EndGlobalSection
EndGlobal
